
Microsoft Visual Studio Solution File, Format Version 12.00
# Visual Studio Version 17
VisualStudioVersion = 17.6.33723.286
MinimumVisualStudioVersion = 10.0.40219.1
Project("{FAE04EC0-301F-11D3-BF4B-00C04F79EFBC}") = "YetAnotherToDoList", "YetAnotherToDoList\YetAnotherToDoList.csproj", "{C1EECF68-DEDF-47AF-9E8E-C738BA8C038D}"
EndProject
Global
	GlobalSection(SolutionConfigurationPlatforms) = preSolution
		Debug|Any CPU = Debug|Any CPU
		Release|Any CPU = Release|Any CPU
	EndGlobalSection
	GlobalSection(ProjectConfigurationPlatforms) = postSolution
		{C1EECF68-DEDF-47AF-9E8E-C738BA8C038D}.Debug|Any CPU.ActiveCfg = Debug|Any CPU
		{C1EECF68-DEDF-47AF-9E8E-C738BA8C038D}.Debug|Any CPU.Build.0 = Debug|Any CPU
		{C1EECF68-DEDF-47AF-9E8E-C738BA8C038D}.Release|Any CPU.ActiveCfg = Release|Any CPU
		{C1EECF68-DEDF-47AF-9E8E-C738BA8C038D}.Release|Any CPU.Build.0 = Release|Any CPU
	EndGlobalSection
	GlobalSection(SolutionProperties) = preSolution
		HideSolutionNode = FALSE
	EndGlobalSection
	GlobalSection(ExtensibilityGlobals) = postSolution
		SolutionGuid = {A1C3DCA4-3B94-4718-9554-F2E8F4EEB42E}
	EndGlobalSection
EndGlobal
